
Microsoft Visual Studio Solution File, Format Version 12.00
# Visual Studio Version 16
VisualStudioVersion = 16.0.29215.179
MinimumVisualStudioVersion = 10.0.40219.1
Project("{FAE04EC0-301F-11D3-BF4B-00C04F79EFBC}") = "ekscarMVC", "ekscarMVC\ekscarMVC.csproj", "{5C35E7F7-8AAC-46A6-BF58-6346965FEA49}"
	ProjectSection(ProjectDependencies) = postProject
		{D86153FD-8841-4CDE-A865-C02CA15F6FE5} = {D86153FD-8841-4CDE-A865-C02CA15F6FE5}
	EndProjectSection
EndProject
Project("{FAE04EC0-301F-11D3-BF4B-00C04F79EFBC}") = "ekscarMVC.Models", "ekscarMVC.Models\ekscarMVC.Models.csproj", "{D86153FD-8841-4CDE-A865-C02CA15F6FE5}"
EndProject
Global
	GlobalSection(SolutionConfigurationPlatforms) = preSolution
		Debug|Any CPU = Debug|Any CPU
		Release|Any CPU = Release|Any CPU
	EndGlobalSection
	GlobalSection(ProjectConfigurationPlatforms) = postSolution
		{5C35E7F7-8AAC-46A6-BF58-6346965FEA49}.Debug|Any CPU.ActiveCfg = Debug|Any CPU
		{5C35E7F7-8AAC-46A6-BF58-6346965FEA49}.Debug|Any CPU.Build.0 = Debug|Any CPU
		{5C35E7F7-8AAC-46A6-BF58-6346965FEA49}.Release|Any CPU.ActiveCfg = Release|Any CPU
		{5C35E7F7-8AAC-46A6-BF58-6346965FEA49}.Release|Any CPU.Build.0 = Release|Any CPU
		{D86153FD-8841-4CDE-A865-C02CA15F6FE5}.Debug|Any CPU.ActiveCfg = Debug|Any CPU
		{D86153FD-8841-4CDE-A865-C02CA15F6FE5}.Debug|Any CPU.Build.0 = Debug|Any CPU
		{D86153FD-8841-4CDE-A865-C02CA15F6FE5}.Release|Any CPU.ActiveCfg = Release|Any CPU
		{D86153FD-8841-4CDE-A865-C02CA15F6FE5}.Release|Any CPU.Build.0 = Release|Any CPU
	EndGlobalSection
	GlobalSection(SolutionProperties) = preSolution
		HideSolutionNode = FALSE
	EndGlobalSection
	GlobalSection(ExtensibilityGlobals) = postSolution
		SolutionGuid = {7BD160E7-96DB-4F29-BB8F-68CBF25AD09A}
	EndGlobalSection
EndGlobal
